
Microsoft Visual Studio Solution File, Format Version 12.00
Project("{FAE04EC0-301F-11D3-BF4B-00C04F79EFBC}") = "NearDupFinder_Test", "NearDupFinder_Test\NearDupFinder_Test.csproj", "{1E54973F-2076-458C-A09F-61589487C4BE}"
EndProject
Project("{FAE04EC0-301F-11D3-BF4B-00C04F79EFBC}") = "NearDupFinder_Dominio", "NearDupFinder_Dominio\NearDupFinder_Dominio.csproj", "{4C677F7A-DD37-4B08-BA1D-AE4A3F029EC2}"
EndProject
Project("{2150E333-8FDC-42A3-9474-1A3956D46DE8}") = "Test", "Test", "{C5B7097F-8BCC-4509-BA77-E9429330531D}"
EndProject
Project("{2150E333-8FDC-42A3-9474-1A3956D46DE8}") = "Dominio", "Dominio", "{02D9B160-C2E0-4380-8767-045B610C15DF}"
EndProject
Project("{2150E333-8FDC-42A3-9474-1A3956D46DE8}") = "UI", "UI", "{ECD35B09-A96E-4C9A-8EF6-95B557EF54FD}"
EndProject
Project("{FAE04EC0-301F-11D3-BF4B-00C04F79EFBC}") = "Interfaz", "Interfaz\Interfaz.csproj", "{EBFCF140-A873-41B5-85DD-8D85A5047079}"
EndProject
Global
	GlobalSection(SolutionConfigurationPlatforms) = preSolution
		Debug|Any CPU = Debug|Any CPU
		Release|Any CPU = Release|Any CPU
	EndGlobalSection
	GlobalSection(ProjectConfigurationPlatforms) = postSolution
		{1E54973F-2076-458C-A09F-61589487C4BE}.Debug|Any CPU.ActiveCfg = Debug|Any CPU
		{1E54973F-2076-458C-A09F-61589487C4BE}.Debug|Any CPU.Build.0 = Debug|Any CPU
		{1E54973F-2076-458C-A09F-61589487C4BE}.Release|Any CPU.ActiveCfg = Release|Any CPU
		{1E54973F-2076-458C-A09F-61589487C4BE}.Release|Any CPU.Build.0 = Release|Any CPU
		{4C677F7A-DD37-4B08-BA1D-AE4A3F029EC2}.Debug|Any CPU.ActiveCfg = Debug|Any CPU
		{4C677F7A-DD37-4B08-BA1D-AE4A3F029EC2}.Debug|Any CPU.Build.0 = Debug|Any CPU
		{4C677F7A-DD37-4B08-BA1D-AE4A3F029EC2}.Release|Any CPU.ActiveCfg = Release|Any CPU
		{4C677F7A-DD37-4B08-BA1D-AE4A3F029EC2}.Release|Any CPU.Build.0 = Release|Any CPU
		{EBFCF140-A873-41B5-85DD-8D85A5047079}.Debug|Any CPU.ActiveCfg = Debug|Any CPU
		{EBFCF140-A873-41B5-85DD-8D85A5047079}.Debug|Any CPU.Build.0 = Debug|Any CPU
		{EBFCF140-A873-41B5-85DD-8D85A5047079}.Release|Any CPU.ActiveCfg = Release|Any CPU
		{EBFCF140-A873-41B5-85DD-8D85A5047079}.Release|Any CPU.Build.0 = Release|Any CPU
	EndGlobalSection
	GlobalSection(NestedProjects) = preSolution
		{1E54973F-2076-458C-A09F-61589487C4BE} = {C5B7097F-8BCC-4509-BA77-E9429330531D}
		{4C677F7A-DD37-4B08-BA1D-AE4A3F029EC2} = {02D9B160-C2E0-4380-8767-045B610C15DF}
		{EBFCF140-A873-41B5-85DD-8D85A5047079} = {ECD35B09-A96E-4C9A-8EF6-95B557EF54FD}
	EndGlobalSection
EndGlobal
